// !$*UTF8*$!
{
	archiveVersion = 1;
	classes = {
	};
	objectVersion = 50;
	objects = {

/* Begin PBXBuildFile section */
		BD40D1922609B5A200A02F46 /* CollectionViewCell.swift in Sources */ = {isa = PBXBuildFile; fileRef = BD40D1902609B5A200A02F46 /* CollectionViewCell.swift */; };
		BD40D1932609B5A200A02F46 /* CollectionViewCell.xib in Resources */ = {isa = PBXBuildFile; fileRef = BD40D1912609B5A200A02F46 /* CollectionViewCell.xib */; };
		BD40D198260ACD1C00A02F46 /* ExtentionUIColor.swift in Sources */ = {isa = PBXBuildFile; fileRef = BD40D197260ACD1C00A02F46 /* ExtentionUIColor.swift */; };
		D4258B6C26086153006EDA08 /* AppDelegate.swift in Sources */ = {isa = PBXBuildFile; fileRef = D4258B6B26086153006EDA08 /* AppDelegate.swift */; };
		D4258B6E26086153006EDA08 /* SceneDelegate.swift in Sources */ = {isa = PBXBuildFile; fileRef = D4258B6D26086153006EDA08 /* SceneDelegate.swift */; };
		D4258B7026086153006EDA08 /* ViewController.swift in Sources */ = {isa = PBXBuildFile; fileRef = D4258B6F26086153006EDA08 /* ViewController.swift */; };
		D4258B7326086153006EDA08 /* Main.storyboard in Resources */ = {isa = PBXBuildFile; fileRef = D4258B7126086153006EDA08 /* Main.storyboard */; };
		D4258B7526086155006EDA08 /* Assets.xcassets in Resources */ = {isa = PBXBuildFile; fileRef = D4258B7426086155006EDA08 /* Assets.xcassets */; };
		D4258B7826086155006EDA08 /* LaunchScreen.storyboard in Resources */ = {isa = PBXBuildFile; fileRef = D4258B7626086155006EDA08 /* LaunchScreen.storyboard */; };
		D4258B8326086155006EDA08 /* PhotosAppTests.swift in Sources */ = {isa = PBXBuildFile; fileRef = D4258B8226086155006EDA08 /* PhotosAppTests.swift */; };
		D4258B8E26086155006EDA08 /* PhotosAppUITests.swift in Sources */ = {isa = PBXBuildFile; fileRef = D4258B8D26086155006EDA08 /* PhotosAppUITests.swift */; };
		D4A069C9260C5D1900E25C1C /* DoodleCollectionViewController.swift in Sources */ = {isa = PBXBuildFile; fileRef = D4A069C8260C5D1900E25C1C /* DoodleCollectionViewController.swift */; };
/* End PBXBuildFile section */

/* Begin PBXContainerItemProxy section */
		D4258B7F26086155006EDA08 /* PBXContainerItemProxy */ = {
			isa = PBXContainerItemProxy;
			containerPortal = D4258B6026086153006EDA08 /* Project object */;
			proxyType = 1;
			remoteGlobalIDString = D4258B6726086153006EDA08;
			remoteInfo = PhotosApp;
		};
		D4258B8A26086155006EDA08 /* PBXContainerItemProxy */ = {
			isa = PBXContainerItemProxy;
			containerPortal = D4258B6026086153006EDA08 /* Project object */;
			proxyType = 1;
			remoteGlobalIDString = D4258B6726086153006EDA08;
			remoteInfo = PhotosApp;
		};
/* End PBXContainerItemProxy section */

/* Begin PBXFileReference section */
		BD40D1902609B5A200A02F46 /* CollectionViewCell.swift */ = {isa = PBXFileReference; lastKnownFileType = sourcecode.swift; path = CollectionViewCell.swift; sourceTree = "<group>"; };
		BD40D1912609B5A200A02F46 /* CollectionViewCell.xib */ = {isa = PBXFileReference; lastKnownFileType = file.xib; path = CollectionViewCell.xib; sourceTree = "<group>"; };
		BD40D197260ACD1C00A02F46 /* ExtentionUIColor.swift */ = {isa = PBXFileReference; lastKnownFileType = sourcecode.swift; path = ExtentionUIColor.swift; sourceTree = "<group>"; };
		D4258B6826086153006EDA08 /* PhotosApp.app */ = {isa = PBXFileReference; explicitFileType = wrapper.application; includeInIndex = 0; path = PhotosApp.app; sourceTree = BUILT_PRODUCTS_DIR; };
		D4258B6B26086153006EDA08 /* AppDelegate.swift */ = {isa = PBXFileReference; lastKnownFileType = sourcecode.swift; path = AppDelegate.swift; sourceTree = "<group>"; };
		D4258B6D26086153006EDA08 /* SceneDelegate.swift */ = {isa = PBXFileReference; lastKnownFileType = sourcecode.swift; path = SceneDelegate.swift; sourceTree = "<group>"; };
		D4258B6F26086153006EDA08 /* ViewController.swift */ = {isa = PBXFileReference; lastKnownFileType = sourcecode.swift; path = ViewController.swift; sourceTree = "<group>"; };
		D4258B7226086153006EDA08 /* Base */ = {isa = PBXFileReference; lastKnownFileType = file.storyboard; name = Base; path = Base.lproj/Main.storyboard; sourceTree = "<group>"; };
		D4258B7426086155006EDA08 /* Assets.xcassets */ = {isa = PBXFileReference; lastKnownFileType = folder.assetcatalog; path = Assets.xcassets; sourceTree = "<group>"; };
		D4258B7726086155006EDA08 /* Base */ = {isa = PBXFileReference; lastKnownFileType = file.storyboard; name = Base; path = Base.lproj/LaunchScreen.storyboard; sourceTree = "<group>"; };
		D4258B7926086155006EDA08 /* Info.plist */ = {isa = PBXFileReference; lastKnownFileType = text.plist.xml; path = Info.plist; sourceTree = "<group>"; };
		D4258B7E26086155006EDA08 /* PhotosAppTests.xctest */ = {isa = PBXFileReference; explicitFileType = wrapper.cfbundle; includeInIndex = 0; path = PhotosAppTests.xctest; sourceTree = BUILT_PRODUCTS_DIR; };
		D4258B8226086155006EDA08 /* PhotosAppTests.swift */ = {isa = PBXFileReference; lastKnownFileType = sourcecode.swift; path = PhotosAppTests.swift; sourceTree = "<group>"; };
		D4258B8426086155006EDA08 /* Info.plist */ = {isa = PBXFileReference; lastKnownFileType = text.plist.xml; path = Info.plist; sourceTree = "<group>"; };
		D4258B8926086155006EDA08 /* PhotosAppUITests.xctest */ = {isa = PBXFileReference; explicitFileType = wrapper.cfbundle; includeInIndex = 0; path = PhotosAppUITests.xctest; sourceTree = BUILT_PRODUCTS_DIR; };
		D4258B8D26086155006EDA08 /* PhotosAppUITests.swift */ = {isa = PBXFileReference; lastKnownFileType = sourcecode.swift; path = PhotosAppUITests.swift; sourceTree = "<group>"; };
		D4258B8F26086155006EDA08 /* Info.plist */ = {isa = PBXFileReference; lastKnownFileType = text.plist.xml; path = Info.plist; sourceTree = "<group>"; };
		D4A069C8260C5D1900E25C1C /* DoodleCollectionViewController.swift */ = {isa = PBXFileReference; lastKnownFileType = sourcecode.swift; path = DoodleCollectionViewController.swift; sourceTree = "<group>"; };
/* End PBXFileReference section */

/* Begin PBXFrameworksBuildPhase section */
		D4258B6526086153006EDA08 /* Frameworks */ = {
			isa = PBXFrameworksBuildPhase;
			buildActionMask = 2147483647;
			files = (
			);
			runOnlyForDeploymentPostprocessing = 0;
		};
		D4258B7B26086155006EDA08 /* Frameworks */ = {
			isa = PBXFrameworksBuildPhase;
			buildActionMask = 2147483647;
			files = (
			);
			runOnlyForDeploymentPostprocessing = 0;
		};
		D4258B8626086155006EDA08 /* Frameworks */ = {
			isa = PBXFrameworksBuildPhase;
			buildActionMask = 2147483647;
			files = (
			);
			runOnlyForDeploymentPostprocessing = 0;
		};
/* End PBXFrameworksBuildPhase section */

/* Begin PBXGroup section */
		D4258B5F26086153006EDA08 = {
			isa = PBXGroup;
			children = (
				D4258B6A26086153006EDA08 /* PhotosApp */,
				D4258B8126086155006EDA08 /* PhotosAppTests */,
				D4258B8C26086155006EDA08 /* PhotosAppUITests */,
				D4258B6926086153006EDA08 /* Products */,
			);
			sourceTree = "<group>";
		};
		D4258B6926086153006EDA08 /* Products */ = {
			isa = PBXGroup;
			children = (
				D4258B6826086153006EDA08 /* PhotosApp.app */,
				D4258B7E26086155006EDA08 /* PhotosAppTests.xctest */,
				D4258B8926086155006EDA08 /* PhotosAppUITests.xctest */,
			);
			name = Products;
			sourceTree = "<group>";
		};
		D4258B6A26086153006EDA08 /* PhotosApp */ = {
			isa = PBXGroup;
			children = (
				D4258B6B26086153006EDA08 /* AppDelegate.swift */,
				D4258B6D26086153006EDA08 /* SceneDelegate.swift */,
				D4258B6F26086153006EDA08 /* ViewController.swift */,
				BD40D1902609B5A200A02F46 /* CollectionViewCell.swift */,
				BD40D197260ACD1C00A02F46 /* ExtentionUIColor.swift */,
				BD40D1912609B5A200A02F46 /* CollectionViewCell.xib */,
				D4258B7126086153006EDA08 /* Main.storyboard */,
				D4A069C8260C5D1900E25C1C /* DoodleCollectionViewController.swift */,
				D4258B7426086155006EDA08 /* Assets.xcassets */,
				D4258B7626086155006EDA08 /* LaunchScreen.storyboard */,
				D4258B7926086155006EDA08 /* Info.plist */,
			);
			path = PhotosApp;
			sourceTree = "<group>";
		};
		D4258B8126086155006EDA08 /* PhotosAppTests */ = {
			isa = PBXGroup;
			children = (
				D4258B8226086155006EDA08 /* PhotosAppTests.swift */,
				D4258B8426086155006EDA08 /* Info.plist */,
			);
			path = PhotosAppTests;
			sourceTree = "<group>";
		};
		D4258B8C26086155006EDA08 /* PhotosAppUITests */ = {
			isa = PBXGroup;
			children = (
				D4258B8D26086155006EDA08 /* PhotosAppUITests.swift */,
				D4258B8F26086155006EDA08 /* Info.plist */,
			);
			path = PhotosAppUITests;
			sourceTree = "<group>";
		};
/* End PBXGroup section */

/* Begin PBXNativeTarget section */
		D4258B6726086153006EDA08 /* PhotosApp */ = {
			isa = PBXNativeTarget;
			buildConfigurationList = D4258B9226086155006EDA08 /* Build configuration list for PBXNativeTarget "PhotosApp" */;
			buildPhases = (
				D4258B6426086153006EDA08 /* Sources */,
				D4258B6526086153006EDA08 /* Frameworks */,
				D4258B6626086153006EDA08 /* Resources */,
			);
			buildRules = (
			);
			dependencies = (
			);
			name = PhotosApp;
			productName = PhotosApp;
			productReference = D4258B6826086153006EDA08 /* PhotosApp.app */;
			productType = "com.apple.product-type.application";
		};
		D4258B7D26086155006EDA08 /* PhotosAppTests */ = {
			isa = PBXNativeTarget;
			buildConfigurationList = D4258B9526086155006EDA08 /* Build configuration list for PBXNativeTarget "PhotosAppTests" */;
			buildPhases = (
				D4258B7A26086155006EDA08 /* Sources */,
				D4258B7B26086155006EDA08 /* Frameworks */,
				D4258B7C26086155006EDA08 /* Resources */,
			);
			buildRules = (
			);
			dependencies = (
				D4258B8026086155006EDA08 /* PBXTargetDependency */,
			);
			name = PhotosAppTests;
			productName = PhotosAppTests;
			productReference = D4258B7E26086155006EDA08 /* PhotosAppTests.xctest */;
			productType = "com.apple.product-type.bundle.unit-test";
		};
		D4258B8826086155006EDA08 /* PhotosAppUITests */ = {
			isa = PBXNativeTarget;
			buildConfigurationList = D4258B9826086155006EDA08 /* Build configuration list for PBXNativeTarget "PhotosAppUITests" */;
			buildPhases = (
				D4258B8526086155006EDA08 /* Sources */,
				D4258B8626086155006EDA08 /* Frameworks */,
				D4258B8726086155006EDA08 /* Resources */,
			);
			buildRules = (
			);
			dependencies = (
				D4258B8B26086155006EDA08 /* PBXTargetDependency */,
			);
			name = PhotosAppUITests;
			productName = PhotosAppUITests;
			productReference = D4258B8926086155006EDA08 /* PhotosAppUITests.xctest */;
			productType = "com.apple.product-type.bundle.ui-testing";
		};
/* End PBXNativeTarget section */

/* Begin PBXProject section */
		D4258B6026086153006EDA08 /* Project object */ = {
			isa = PBXProject;
			attributes = {
				LastSwiftUpdateCheck = 1240;
				LastUpgradeCheck = 1240;
				TargetAttributes = {
					D4258B6726086153006EDA08 = {
						CreatedOnToolsVersion = 12.4;
					};
					D4258B7D26086155006EDA08 = {
						CreatedOnToolsVersion = 12.4;
						TestTargetID = D4258B6726086153006EDA08;
					};
					D4258B8826086155006EDA08 = {
						CreatedOnToolsVersion = 12.4;
						TestTargetID = D4258B6726086153006EDA08;
					};
				};
			};
			buildConfigurationList = D4258B6326086153006EDA08 /* Build configuration list for PBXProject "PhotosApp" */;
			compatibilityVersion = "Xcode 9.3";
			developmentRegion = en;
			hasScannedForEncodings = 0;
			knownRegions = (
				en,
				Base,
			);
			mainGroup = D4258B5F26086153006EDA08;
			productRefGroup = D4258B6926086153006EDA08 /* Products */;
			projectDirPath = "";
			projectRoot = "";
			targets = (
				D4258B6726086153006EDA08 /* PhotosApp */,
				D4258B7D26086155006EDA08 /* PhotosAppTests */,
				D4258B8826086155006EDA08 /* PhotosAppUITests */,
			);
		};
/* End PBXProject section */

/* Begin PBXResourcesBuildPhase section */
		D4258B6626086153006EDA08 /* Resources */ = {
			isa = PBXResourcesBuildPhase;
			buildActionMask = 2147483647;
			files = (
				D4258B7826086155006EDA08 /* LaunchScreen.storyboard in Resources */,
				D4258B7526086155006EDA08 /* Assets.xcassets in Resources */,
				BD40D1932609B5A200A02F46 /* CollectionViewCell.xib in Resources */,
				D4258B7326086153006EDA08 /* Main.storyboard in Resources */,
			);
			runOnlyForDeploymentPostprocessing = 0;
		};
		D4258B7C26086155006EDA08 /* Resources */ = {
			isa = PBXResourcesBuildPhase;
			buildActionMask = 2147483647;
			files = (
			);
			runOnlyForDeploymentPostprocessing = 0;
		};
		D4258B8726086155006EDA08 /* Resources */ = {
			isa = PBXResourcesBuildPhase;
			buildActionMask = 2147483647;
			files = (
			);
			runOnlyForDeploymentPostprocessing = 0;
		};
/* End PBXResourcesBuildPhase section */

/* Begin PBXSourcesBuildPhase section */
		D4258B6426086153006EDA08 /* Sources */ = {
			isa = PBXSourcesBuildPhase;
			buildActionMask = 2147483647;
			files = (
				D4258B7026086153006EDA08 /* ViewController.swift in Sources */,
				BD40D198260ACD1C00A02F46 /* ExtentionUIColor.swift in Sources */,
				D4258B6C26086153006EDA08 /* AppDelegate.swift in Sources */,
				BD40D1922609B5A200A02F46 /* CollectionViewCell.swift in Sources */,
				D4258B6E26086153006EDA08 /* SceneDelegate.swift in Sources */,
				D4A069C9260C5D1900E25C1C /* DoodleCollectionViewController.swift in Sources */,
			);
			runOnlyForDeploymentPostprocessing = 0;
		};
		D4258B7A26086155006EDA08 /* Sources */ = {
			isa = PBXSourcesBuildPhase;
			buildActionMask = 2147483647;
			files = (
				D4258B8326086155006EDA08 /* PhotosAppTests.swift in Sources */,
			);
			runOnlyForDeploymentPostprocessing = 0;
		};
		D4258B8526086155006EDA08 /* Sources */ = {
			isa = PBXSourcesBuildPhase;
			buildActionMask = 2147483647;
			files = (
				D4258B8E26086155006EDA08 /* PhotosAppUITests.swift in Sources */,
			);
			runOnlyForDeploymentPostprocessing = 0;
		};
/* End PBXSourcesBuildPhase section */

/* Begin PBXTargetDependency section */
		D4258B8026086155006EDA08 /* PBXTargetDependency */ = {
			isa = PBXTargetDependency;
			target = D4258B6726086153006EDA08 /* PhotosApp */;
			targetProxy = D4258B7F26086155006EDA08 /* PBXContainerItemProxy */;
		};
		D4258B8B26086155006EDA08 /* PBXTargetDependency */ = {
			isa = PBXTargetDependency;
			target = D4258B6726086153006EDA08 /* PhotosApp */;
			targetProxy = D4258B8A26086155006EDA08 /* PBXContainerItemProxy */;
		};
/* End PBXTargetDependency section */

/* Begin PBXVariantGroup section */
		D4258B7126086153006EDA08 /* Main.storyboard */ = {
			isa = PBXVariantGroup;
			children = (
				D4258B7226086153006EDA08 /* Base */,
			);
			name = Main.storyboard;
			sourceTree = "<group>";
		};
		D4258B7626086155006EDA08 /* LaunchScreen.storyboard */ = {
			isa = PBXVariantGroup;
			children = (
				D4258B7726086155006EDA08 /* Base */,
			);
			name = LaunchScreen.storyboard;
			sourceTree = "<group>";
		};
/* End PBXVariantGroup section */

/* Begin XCBuildConfiguration section */
		D4258B9026086155006EDA08 /* Debug */ = {
			isa = XCBuildConfiguration;
			buildSettings = {
				ALWAYS_SEARCH_USER_PATHS = NO;
				CLANG_ANALYZER_NONNULL = YES;
				CLANG_ANALYZER_NUMBER_OBJECT_CONVERSION = YES_AGGRESSIVE;
				CLANG_CXX_LANGUAGE_STANDARD = "gnu++14";
				CLANG_CXX_LIBRARY = "libc++";
				CLANG_ENABLE_MODULES = YES;
				CLANG_ENABLE_OBJC_ARC = YES;
				CLANG_ENABLE_OBJC_WEAK = YES;
				CLANG_WARN_BLOCK_CAPTURE_AUTORELEASING = YES;
				CLANG_WARN_BOOL_CONVERSION = YES;
				CLANG_WARN_COMMA = YES;
				CLANG_WARN_CONSTANT_CONVERSION = YES;
				CLANG_WARN_DEPRECATED_OBJC_IMPLEMENTATIONS = YES;
				CLANG_WARN_DIRECT_OBJC_ISA_USAGE = YES_ERROR;
				CLANG_WARN_DOCUMENTATION_COMMENTS = YES;
				CLANG_WARN_EMPTY_BODY = YES;
				CLANG_WARN_ENUM_CONVERSION = YES;
				CLANG_WARN_INFINITE_RECURSION = YES;
				CLANG_WARN_INT_CONVERSION = YES;
				CLANG_WARN_NON_LITERAL_NULL_CONVERSION = YES;
				CLANG_WARN_OBJC_IMPLICIT_RETAIN_SELF = YES;
				CLANG_WARN_OBJC_LITERAL_CONVERSION = YES;
				CLANG_WARN_OBJC_ROOT_CLASS = YES_ERROR;
				CLANG_WARN_QUOTED_INCLUDE_IN_FRAMEWORK_HEADER = YES;
				CLANG_WARN_RANGE_LOOP_ANALYSIS = YES;
				CLANG_WARN_STRICT_PROTOTYPES = YES;
				CLANG_WARN_SUSPICIOUS_MOVE = YES;
				CLANG_WARN_UNGUARDED_AVAILABILITY = YES_AGGRESSIVE;
				CLANG_WARN_UNREACHABLE_CODE = YES;
				CLANG_WARN__DUPLICATE_METHOD_MATCH = YES;
				COPY_PHASE_STRIP = NO;
				DEBUG_INFORMATION_FORMAT = dwarf;
				ENABLE_STRICT_OBJC_MSGSEND = YES;
				ENABLE_TESTABILITY = YES;
				GCC_C_LANGUAGE_STANDARD = gnu11;
				GCC_DYNAMIC_NO_PIC = NO;
				GCC_NO_COMMON_BLOCKS = YES;
				GCC_OPTIMIZATION_LEVEL = 0;
				GCC_PREPROCESSOR_DEFINITIONS = (
					"DEBUG=1",
					"$(inherited)",
				);
				GCC_WARN_64_TO_32_BIT_CONVERSION = YES;
				GCC_WARN_ABOUT_RETURN_TYPE = YES_ERROR;
				GCC_WARN_UNDECLARED_SELECTOR = YES;
				GCC_WARN_UNINITIALIZED_AUTOS = YES_AGGRESSIVE;
				GCC_WARN_UNUSED_FUNCTION = YES;
				GCC_WARN_UNUSED_VARIABLE = YES;
				IPHONEOS_DEPLOYMENT_TARGET = 14.4;
				MTL_ENABLE_DEBUG_INFO = INCLUDE_SOURCE;
				MTL_FAST_MATH = YES;
				ONLY_ACTIVE_ARCH = YES;
				SDKROOT = iphoneos;
				SWIFT_ACTIVE_COMPILATION_CONDITIONS = DEBUG;
				SWIFT_OPTIMIZATION_LEVEL = "-Onone";
			};
			name = Debug;
		};
		D4258B9126086155006EDA08 /* Release */ = {
			isa = XCBuildConfiguration;
			buildSettings = {
				ALWAYS_SEARCH_USER_PATHS = NO;
				CLANG_ANALYZER_NONNULL = YES;
				CLANG_ANALYZER_NUMBER_OBJECT_CONVERSION = YES_AGGRESSIVE;
				CLANG_CXX_LANGUAGE_STANDARD = "gnu++14";
				CLANG_CXX_LIBRARY = "libc++";
				CLANG_ENABLE_MODULES = YES;
				CLANG_ENABLE_OBJC_ARC = YES;
				CLANG_ENABLE_OBJC_WEAK = YES;
				CLANG_WARN_BLOCK_CAPTURE_AUTORELEASING = YES;
				CLANG_WARN_BOOL_CONVERSION = YES;
				CLANG_WARN_COMMA = YES;
				CLANG_WARN_CONSTANT_CONVERSION = YES;
				CLANG_WARN_DEPRECATED_OBJC_IMPLEMENTATIONS = YES;
				CLANG_WARN_DIRECT_OBJC_ISA_USAGE = YES_ERROR;
				CLANG_WARN_DOCUMENTATION_COMMENTS = YES;
				CLANG_WARN_EMPTY_BODY = YES;
				CLANG_WARN_ENUM_CONVERSION = YES;
				CLANG_WARN_INFINITE_RECURSION = YES;
				CLANG_WARN_INT_CONVERSION = YES;
				CLANG_WARN_NON_LITERAL_NULL_CONVERSION = YES;
				CLANG_WARN_OBJC_IMPLICIT_RETAIN_SELF = YES;
				CLANG_WARN_OBJC_LITERAL_CONVERSION = YES;
				CLANG_WARN_OBJC_ROOT_CLASS = YES_ERROR;
				CLANG_WARN_QUOTED_INCLUDE_IN_FRAMEWORK_HEADER = YES;
				CLANG_WARN_RANGE_LOOP_ANALYSIS = YES;
				CLANG_WARN_STRICT_PROTOTYPES = YES;
				CLANG_WARN_SUSPICIOUS_MOVE = YES;
				CLANG_WARN_UNGUARDED_AVAILABILITY = YES_AGGRESSIVE;
				CLANG_WARN_UNREACHABLE_CODE = YES;
				CLANG_WARN__DUPLICATE_METHOD_MATCH = YES;
				COPY_PHASE_STRIP = NO;
				DEBUG_INFORMATION_FORMAT = "dwarf-with-dsym";
				ENABLE_NS_ASSERTIONS = NO;
				ENABLE_STRICT_OBJC_MSGSEND = YES;
				GCC_C_LANGUAGE_STANDARD = gnu11;
				GCC_NO_COMMON_BLOCKS = YES;
				GCC_WARN_64_TO_32_BIT_CONVERSION = YES;
				GCC_WARN_ABOUT_RETURN_TYPE = YES_ERROR;
				GCC_WARN_UNDECLARED_SELECTOR = YES;
				GCC_WARN_UNINITIALIZED_AUTOS = YES_AGGRESSIVE;
				GCC_WARN_UNUSED_FUNCTION = YES;
				GCC_WARN_UNUSED_VARIABLE = YES;
				IPHONEOS_DEPLOYMENT_TARGET = 14.4;
				MTL_ENABLE_DEBUG_INFO = NO;
				MTL_FAST_MATH = YES;
				SDKROOT = iphoneos;
				SWIFT_COMPILATION_MODE = wholemodule;
				SWIFT_OPTIMIZATION_LEVEL = "-O";
				VALIDATE_PRODUCT = YES;
			};
			name = Release;
		};
		D4258B9326086155006EDA08 /* Debug */ = {
			isa = XCBuildConfiguration;
			buildSettings = {
				ASSETCATALOG_COMPILER_APPICON_NAME = AppIcon;
				ASSETCATALOG_COMPILER_GLOBAL_ACCENT_COLOR_NAME = AccentColor;
				CODE_SIGN_STYLE = Automatic;
				INFOPLIST_FILE = PhotosApp/Info.plist;
				LD_RUNPATH_SEARCH_PATHS = (
					"$(inherited)",
					"@executable_path/Frameworks",
				);
				PRODUCT_BUNDLE_IDENTIFIER = com.PhotosApp;
				PRODUCT_NAME = "$(TARGET_NAME)";
				SWIFT_VERSION = 5.0;
				TARGETED_DEVICE_FAMILY = "1,2";
			};
			name = Debug;
		};
		D4258B9426086155006EDA08 /* Release */ = {
			isa = XCBuildConfiguration;
			buildSettings = {
				ASSETCATALOG_COMPILER_APPICON_NAME = AppIcon;
				ASSETCATALOG_COMPILER_GLOBAL_ACCENT_COLOR_NAME = AccentColor;
				CODE_SIGN_STYLE = Automatic;
				INFOPLIST_FILE = PhotosApp/Info.plist;
				LD_RUNPATH_SEARCH_PATHS = (
					"$(inherited)",
					"@executable_path/Frameworks",
				);
				PRODUCT_BUNDLE_IDENTIFIER = com.PhotosApp;
				PRODUCT_NAME = "$(TARGET_NAME)";
				SWIFT_VERSION = 5.0;
				TARGETED_DEVICE_FAMILY = "1,2";
			};
			name = Release;
		};
		D4258B9626086155006EDA08 /* Debug */ = {
			isa = XCBuildConfiguration;
			buildSettings = {
				ALWAYS_EMBED_SWIFT_STANDARD_LIBRARIES = YES;
				BUNDLE_LOADER = "$(TEST_HOST)";
				CODE_SIGN_STYLE = Automatic;
				INFOPLIST_FILE = PhotosAppTests/Info.plist;
				IPHONEOS_DEPLOYMENT_TARGET = 14.4;
				LD_RUNPATH_SEARCH_PATHS = (
					"$(inherited)",
					"@executable_path/Frameworks",
					"@loader_path/Frameworks",
				);
				PRODUCT_BUNDLE_IDENTIFIER = com.PhotosAppTests;
				PRODUCT_NAME = "$(TARGET_NAME)";
				SWIFT_VERSION = 5.0;
				TARGETED_DEVICE_FAMILY = "1,2";
				TEST_HOST = "$(BUILT_PRODUCTS_DIR)/PhotosApp.app/PhotosApp";
			};
			name = Debug;
		};
		D4258B9726086155006EDA08 /* Release */ = {
			isa = XCBuildConfiguration;
			buildSettings = {
				ALWAYS_EMBED_SWIFT_STANDARD_LIBRARIES = YES;
				BUNDLE_LOADER = "$(TEST_HOST)";
				CODE_SIGN_STYLE = Automatic;
				INFOPLIST_FILE = PhotosAppTests/Info.plist;
				IPHONEOS_DEPLOYMENT_TARGET = 14.4;
				LD_RUNPATH_SEARCH_PATHS = (
					"$(inherited)",
					"@executable_path/Frameworks",
					"@loader_path/Frameworks",
				);
				PRODUCT_BUNDLE_IDENTIFIER = com.PhotosAppTests;
				PRODUCT_NAME = "$(TARGET_NAME)";
				SWIFT_VERSION = 5.0;
				TARGETED_DEVICE_FAMILY = "1,2";
				TEST_HOST = "$(BUILT_PRODUCTS_DIR)/PhotosApp.app/PhotosApp";
			};
			name = Release;
		};
		D4258B9926086155006EDA08 /* Debug */ = {
			isa = XCBuildConfiguration;
			buildSettings = {
				ALWAYS_EMBED_SWIFT_STANDARD_LIBRARIES = YES;
				CODE_SIGN_STYLE = Automatic;
				INFOPLIST_FILE = PhotosAppUITests/Info.plist;
				LD_RUNPATH_SEARCH_PATHS = (
					"$(inherited)",
					"@executable_path/Frameworks",
					"@loader_path/Frameworks",
				);
				PRODUCT_BUNDLE_IDENTIFIER = com.PhotosAppUITests;
				PRODUCT_NAME = "$(TARGET_NAME)";
				SWIFT_VERSION = 5.0;
				TARGETED_DEVICE_FAMILY = "1,2";
				TEST_TARGET_NAME = PhotosApp;
			};
			name = Debug;
		};
		D4258B9A26086155006EDA08 /* Release */ = {
			isa = XCBuildConfiguration;
			buildSettings = {
				ALWAYS_EMBED_SWIFT_STANDARD_LIBRARIES = YES;
				CODE_SIGN_STYLE = Automatic;
				INFOPLIST_FILE = PhotosAppUITests/Info.plist;
				LD_RUNPATH_SEARCH_PATHS = (
					"$(inherited)",
					"@executable_path/Frameworks",
					"@loader_path/Frameworks",
				);
				PRODUCT_BUNDLE_IDENTIFIER = com.PhotosAppUITests;
				PRODUCT_NAME = "$(TARGET_NAME)";
				SWIFT_VERSION = 5.0;
				TARGETED_DEVICE_FAMILY = "1,2";
				TEST_TARGET_NAME = PhotosApp;
			};
			name = Release;
		};
/* End XCBuildConfiguration section */

/* Begin XCConfigurationList section */
		D4258B6326086153006EDA08 /* Build configuration list for PBXProject "PhotosApp" */ = {
			isa = XCConfigurationList;
			buildConfigurations = (
				D4258B9026086155006EDA08 /* Debug */,
				D4258B9126086155006EDA08 /* Release */,
			);
			defaultConfigurationIsVisible = 0;
			defaultConfigurationName = Release;
		};
		D4258B9226086155006EDA08 /* Build configuration list for PBXNativeTarget "PhotosApp" */ = {
			isa = XCConfigurationList;
			buildConfigurations = (
				D4258B9326086155006EDA08 /* Debug */,
				D4258B9426086155006EDA08 /* Release */,
			);
			defaultConfigurationIsVisible = 0;
			defaultConfigurationName = Release;
		};
		D4258B9526086155006EDA08 /* Build configuration list for PBXNativeTarget "PhotosAppTests" */ = {
			isa = XCConfigurationList;
			buildConfigurations = (
				D4258B9626086155006EDA08 /* Debug */,
				D4258B9726086155006EDA08 /* Release */,
			);
			defaultConfigurationIsVisible = 0;
			defaultConfigurationName = Release;
		};
		D4258B9826086155006EDA08 /* Build configuration list for PBXNativeTarget "PhotosAppUITests" */ = {
			isa = XCConfigurationList;
			buildConfigurations = (
				D4258B9926086155006EDA08 /* Debug */,
				D4258B9A26086155006EDA08 /* Release */,
			);
			defaultConfigurationIsVisible = 0;
			defaultConfigurationName = Release;
		};
/* End XCConfigurationList section */
	};
	rootObject = D4258B6026086153006EDA08 /* Project object */;
}
